
Microsoft Visual Studio Solution File, Format Version 12.00
# Visual Studio Version 16
VisualStudioVersion = 16.0.30225.117
MinimumVisualStudioVersion = 10.0.40219.1
Project("{FAE04EC0-301F-11D3-BF4B-00C04F79EFBC}") = "BT-tennis", "BT-tennis\BT-tennis.csproj", "{8A5EC4B9-B376-43E8-A6C9-7B62CECF9293}"
EndProject
Global
	GlobalSection(SolutionConfigurationPlatforms) = preSolution
		Debug|Any CPU = Debug|Any CPU
		Release|Any CPU = Release|Any CPU
	EndGlobalSection
	GlobalSection(ProjectConfigurationPlatforms) = postSolution
		{8A5EC4B9-B376-43E8-A6C9-7B62CECF9293}.Debug|Any CPU.ActiveCfg = Debug|Any CPU
		{8A5EC4B9-B376-43E8-A6C9-7B62CECF9293}.Debug|Any CPU.Build.0 = Debug|Any CPU
		{8A5EC4B9-B376-43E8-A6C9-7B62CECF9293}.Release|Any CPU.ActiveCfg = Release|Any CPU
		{8A5EC4B9-B376-43E8-A6C9-7B62CECF9293}.Release|Any CPU.Build.0 = Release|Any CPU
	EndGlobalSection
	GlobalSection(SolutionProperties) = preSolution
		HideSolutionNode = FALSE
	EndGlobalSection
	GlobalSection(ExtensibilityGlobals) = postSolution
		SolutionGuid = {A2A9149E-93DE-42A4-AD71-01B2821D1587}
	EndGlobalSection
EndGlobal
