
Microsoft Visual Studio Solution File, Format Version 12.00
# Visual Studio Version 16
VisualStudioVersion = 16.0.30225.117
MinimumVisualStudioVersion = 10.0.40219.1
Project("{FAE04EC0-301F-11D3-BF4B-00C04F79EFBC}") = "tinh_ngay", "tinh_ngay\tinh_ngay.csproj", "{7E236BE0-DB6E-4F28-A60C-046FD9A48EC5}"
EndProject
Global
	GlobalSection(SolutionConfigurationPlatforms) = preSolution
		Debug|Any CPU = Debug|Any CPU
		Release|Any CPU = Release|Any CPU
	EndGlobalSection
	GlobalSection(ProjectConfigurationPlatforms) = postSolution
		{7E236BE0-DB6E-4F28-A60C-046FD9A48EC5}.Debug|Any CPU.ActiveCfg = Debug|Any CPU
		{7E236BE0-DB6E-4F28-A60C-046FD9A48EC5}.Debug|Any CPU.Build.0 = Debug|Any CPU
		{7E236BE0-DB6E-4F28-A60C-046FD9A48EC5}.Release|Any CPU.ActiveCfg = Release|Any CPU
		{7E236BE0-DB6E-4F28-A60C-046FD9A48EC5}.Release|Any CPU.Build.0 = Release|Any CPU
	EndGlobalSection
	GlobalSection(SolutionProperties) = preSolution
		HideSolutionNode = FALSE
	EndGlobalSection
	GlobalSection(ExtensibilityGlobals) = postSolution
		SolutionGuid = {E5F68F7E-DFEF-41A1-B714-8E8E681C9A4A}
	EndGlobalSection
EndGlobal
