
Microsoft Visual Studio Solution File, Format Version 12.00
# Visual Studio Version 16
VisualStudioVersion = 16.0.30225.117
MinimumVisualStudioVersion = 10.0.40219.1
Project("{FAE04EC0-301F-11D3-BF4B-00C04F79EFBC}") = "tach bien", "tach bien\tach bien.csproj", "{1C07A54D-2CE6-4BA2-AAEA-722E8520385C}"
EndProject
Global
	GlobalSection(SolutionConfigurationPlatforms) = preSolution
		Debug|Any CPU = Debug|Any CPU
		Release|Any CPU = Release|Any CPU
	EndGlobalSection
	GlobalSection(ProjectConfigurationPlatforms) = postSolution
		{1C07A54D-2CE6-4BA2-AAEA-722E8520385C}.Debug|Any CPU.ActiveCfg = Debug|Any CPU
		{1C07A54D-2CE6-4BA2-AAEA-722E8520385C}.Debug|Any CPU.Build.0 = Debug|Any CPU
		{1C07A54D-2CE6-4BA2-AAEA-722E8520385C}.Release|Any CPU.ActiveCfg = Release|Any CPU
		{1C07A54D-2CE6-4BA2-AAEA-722E8520385C}.Release|Any CPU.Build.0 = Release|Any CPU
	EndGlobalSection
	GlobalSection(SolutionProperties) = preSolution
		HideSolutionNode = FALSE
	EndGlobalSection
	GlobalSection(ExtensibilityGlobals) = postSolution
		SolutionGuid = {8306F981-DEDD-4ADF-8164-4F697DA78E5F}
	EndGlobalSection
EndGlobal
