
Microsoft Visual Studio Solution File, Format Version 12.00
# Visual Studio Version 16
VisualStudioVersion = 16.0.30225.117
MinimumVisualStudioVersion = 10.0.40219.1
Project("{FAE04EC0-301F-11D3-BF4B-00C04F79EFBC}") = "TH-triển-khai-interface", "TH-triển-khai-interface\TH-triển-khai-interface.csproj", "{4055BFE9-6C74-4B3B-8BB0-4B8D911EB275}"
EndProject
Global
	GlobalSection(SolutionConfigurationPlatforms) = preSolution
		Debug|Any CPU = Debug|Any CPU
		Release|Any CPU = Release|Any CPU
	EndGlobalSection
	GlobalSection(ProjectConfigurationPlatforms) = postSolution
		{4055BFE9-6C74-4B3B-8BB0-4B8D911EB275}.Debug|Any CPU.ActiveCfg = Debug|Any CPU
		{4055BFE9-6C74-4B3B-8BB0-4B8D911EB275}.Debug|Any CPU.Build.0 = Debug|Any CPU
		{4055BFE9-6C74-4B3B-8BB0-4B8D911EB275}.Release|Any CPU.ActiveCfg = Release|Any CPU
		{4055BFE9-6C74-4B3B-8BB0-4B8D911EB275}.Release|Any CPU.Build.0 = Release|Any CPU
	EndGlobalSection
	GlobalSection(SolutionProperties) = preSolution
		HideSolutionNode = FALSE
	EndGlobalSection
	GlobalSection(ExtensibilityGlobals) = postSolution
		SolutionGuid = {B08182C0-3E23-441C-A866-A7EB2DA63425}
	EndGlobalSection
EndGlobal
