
Microsoft Visual Studio Solution File, Format Version 12.00
# Visual Studio Version 16
VisualStudioVersion = 16.0.30225.117
MinimumVisualStudioVersion = 10.0.40219.1
Project("{FAE04EC0-301F-11D3-BF4B-00C04F79EFBC}") = "tách phương thức", "tách phương thức\tách phương thức.csproj", "{265E5765-4CEC-4D37-A761-63513A650C04}"
EndProject
Global
	GlobalSection(SolutionConfigurationPlatforms) = preSolution
		Debug|Any CPU = Debug|Any CPU
		Release|Any CPU = Release|Any CPU
	EndGlobalSection
	GlobalSection(ProjectConfigurationPlatforms) = postSolution
		{265E5765-4CEC-4D37-A761-63513A650C04}.Debug|Any CPU.ActiveCfg = Debug|Any CPU
		{265E5765-4CEC-4D37-A761-63513A650C04}.Debug|Any CPU.Build.0 = Debug|Any CPU
		{265E5765-4CEC-4D37-A761-63513A650C04}.Release|Any CPU.ActiveCfg = Release|Any CPU
		{265E5765-4CEC-4D37-A761-63513A650C04}.Release|Any CPU.Build.0 = Release|Any CPU
	EndGlobalSection
	GlobalSection(SolutionProperties) = preSolution
		HideSolutionNode = FALSE
	EndGlobalSection
	GlobalSection(ExtensibilityGlobals) = postSolution
		SolutionGuid = {D83BFCD8-276E-45BE-9007-396E735CF7F7}
	EndGlobalSection
EndGlobal
